
Microsoft Visual Studio Solution File, Format Version 12.00
# Visual Studio 2017
Project("{FAE04EC0-301F-11D3-BF4B-00C04F79EFBC}") = "2d pong", "2d pong.csproj", "{D4C11813-0280-BD6B-FBD9-531EF231B63D}"
EndProject
Global
	GlobalSection(SolutionConfigurationPlatforms) = preSolution
		Debug|Any CPU = Debug|Any CPU
		Release|Any CPU = Release|Any CPU
	EndGlobalSection
	GlobalSection(ProjectConfigurationPlatforms) = postSolution
		{D4C11813-0280-BD6B-FBD9-531EF231B63D}.Debug|Any CPU.ActiveCfg = Debug|Any CPU
		{D4C11813-0280-BD6B-FBD9-531EF231B63D}.Debug|Any CPU.Build.0 = Debug|Any CPU
		{D4C11813-0280-BD6B-FBD9-531EF231B63D}.Release|Any CPU.ActiveCfg = Release|Any CPU
		{D4C11813-0280-BD6B-FBD9-531EF231B63D}.Release|Any CPU.Build.0 = Release|Any CPU
	EndGlobalSection
	GlobalSection(SolutionProperties) = preSolution
		HideSolutionNode = FALSE
	EndGlobalSection
EndGlobal
